
Microsoft Visual Studio Solution File, Format Version 12.00
# Visual Studio Version 17
VisualStudioVersion = 17.7.34031.279
MinimumVisualStudioVersion = 10.0.40219.1
Project("{FAE04EC0-301F-11D3-BF4B-00C04F79EFBC}") = "StockWiseAPI", "StockWiseAPI\StockWiseAPI.csproj", "{C3DB0DBC-8B10-4997-B7BF-16CD8796E888}"
EndProject
Global
	GlobalSection(SolutionConfigurationPlatforms) = preSolution
		Debug|Any CPU = Debug|Any CPU
		Release|Any CPU = Release|Any CPU
	EndGlobalSection
	GlobalSection(ProjectConfigurationPlatforms) = postSolution
		{C3DB0DBC-8B10-4997-B7BF-16CD8796E888}.Debug|Any CPU.ActiveCfg = Debug|Any CPU
		{C3DB0DBC-8B10-4997-B7BF-16CD8796E888}.Debug|Any CPU.Build.0 = Debug|Any CPU
		{C3DB0DBC-8B10-4997-B7BF-16CD8796E888}.Release|Any CPU.ActiveCfg = Release|Any CPU
		{C3DB0DBC-8B10-4997-B7BF-16CD8796E888}.Release|Any CPU.Build.0 = Release|Any CPU
	EndGlobalSection
	GlobalSection(SolutionProperties) = preSolution
		HideSolutionNode = FALSE
	EndGlobalSection
	GlobalSection(ExtensibilityGlobals) = postSolution
		SolutionGuid = {C72F83E2-D0B0-4D06-A070-326363C6C670}
	EndGlobalSection
EndGlobal
